
Microsoft Visual Studio Solution File, Format Version 12.00
# Visual Studio Version 16
VisualStudioVersion = 16.0.31410.357
MinimumVisualStudioVersion = 10.0.40219.1
Project("{FAE04EC0-301F-11D3-BF4B-00C04F79EFBC}") = "SkillsTracker", "SkillsTracker.csproj", "{2BEAF52D-09FC-463A-B958-B8AB847A3957}"
EndProject
Global
	GlobalSection(SolutionConfigurationPlatforms) = preSolution
		Debug|Any CPU = Debug|Any CPU
		Release|Any CPU = Release|Any CPU
	EndGlobalSection
	GlobalSection(ProjectConfigurationPlatforms) = postSolution
		{2BEAF52D-09FC-463A-B958-B8AB847A3957}.Debug|Any CPU.ActiveCfg = Debug|Any CPU
		{2BEAF52D-09FC-463A-B958-B8AB847A3957}.Debug|Any CPU.Build.0 = Debug|Any CPU
		{2BEAF52D-09FC-463A-B958-B8AB847A3957}.Release|Any CPU.ActiveCfg = Release|Any CPU
		{2BEAF52D-09FC-463A-B958-B8AB847A3957}.Release|Any CPU.Build.0 = Release|Any CPU
	EndGlobalSection
	GlobalSection(SolutionProperties) = preSolution
		HideSolutionNode = FALSE
	EndGlobalSection
	GlobalSection(ExtensibilityGlobals) = postSolution
		SolutionGuid = {7F17AF51-CF77-474B-9EEF-D251388FC006}
	EndGlobalSection
EndGlobal
